
Microsoft Visual Studio Solution File, Format Version 12.00
# Visual Studio 15
VisualStudioVersion = 15.0.27130.2010
MinimumVisualStudioVersion = 10.0.40219.1
Project("{FAE04EC0-301F-11D3-BF4B-00C04F79EFBC}") = "XmlTreeView", "XmlTreeView\XmlTreeView.csproj", "{27D5D85F-8EB8-4F96-8E98-A8E4A9BCCA3B}"
EndProject
Project("{FAE04EC0-301F-11D3-BF4B-00C04F79EFBC}") = "SAXWrapper", "SAXWrapper\SAXWrapper.csproj", "{4D90BB61-4A11-47B5-B7CA-F8CEE5B6EF36}"
EndProject
Project("{FAE04EC0-301F-11D3-BF4B-00C04F79EFBC}") = "Logger", "Logger\Logger.csproj", "{6E450F1F-DF55-4653-805F-73F406CFB71B}"
EndProject
Project("{2150E333-8FDC-42A3-9474-1A3956D46DE8}") = "Solution Items", "Solution Items", "{E7B386A4-2E1F-4EA5-95E9-99D8B83403B4}"
	ProjectSection(SolutionItems) = preProject
		LICENSE = LICENSE
		ReadMe.txt = ReadMe.txt
	EndProjectSection
EndProject
Project("{FAE04EC0-301F-11D3-BF4B-00C04F79EFBC}") = "Grid", "Grid\Grid.csproj", "{B9335254-15E3-47C2-B44C-5E9240851586}"
EndProject
Project("{FAE04EC0-301F-11D3-BF4B-00C04F79EFBC}") = "Tree", "Tree\Tree.csproj", "{111E2B40-7F08-4018-BA13-56D04654CBCC}"
EndProject
Project("{FAE04EC0-301F-11D3-BF4B-00C04F79EFBC}") = "WpfApplication1", "WpfApplication1\WpfApplication1.csproj", "{1F743FCD-82F3-427B-B3AF-A93F902B144B}"
EndProject
Project("{FAE04EC0-301F-11D3-BF4B-00C04F79EFBC}") = "OpenFile", "OpenFile\OpenFile.csproj", "{461B4C1D-28EE-4DBF-8C26-E58AD51A8F34}"
EndProject
Project("{FAE04EC0-301F-11D3-BF4B-00C04F79EFBC}") = "SaveFile", "SaveFile\SaveFile.csproj", "{5A881EFF-6C56-493F-B6FE-835BA3D5437D}"
EndProject
Global
	GlobalSection(SolutionConfigurationPlatforms) = preSolution
		Debug|Any CPU = Debug|Any CPU
		Release|Any CPU = Release|Any CPU
	EndGlobalSection
	GlobalSection(ProjectConfigurationPlatforms) = postSolution
		{27D5D85F-8EB8-4F96-8E98-A8E4A9BCCA3B}.Debug|Any CPU.ActiveCfg = Debug|Any CPU
		{27D5D85F-8EB8-4F96-8E98-A8E4A9BCCA3B}.Debug|Any CPU.Build.0 = Debug|Any CPU
		{27D5D85F-8EB8-4F96-8E98-A8E4A9BCCA3B}.Release|Any CPU.ActiveCfg = Release|Any CPU
		{27D5D85F-8EB8-4F96-8E98-A8E4A9BCCA3B}.Release|Any CPU.Build.0 = Release|Any CPU
		{4D90BB61-4A11-47B5-B7CA-F8CEE5B6EF36}.Debug|Any CPU.ActiveCfg = Debug|Any CPU
		{4D90BB61-4A11-47B5-B7CA-F8CEE5B6EF36}.Debug|Any CPU.Build.0 = Debug|Any CPU
		{4D90BB61-4A11-47B5-B7CA-F8CEE5B6EF36}.Release|Any CPU.ActiveCfg = Release|Any CPU
		{4D90BB61-4A11-47B5-B7CA-F8CEE5B6EF36}.Release|Any CPU.Build.0 = Release|Any CPU
		{6E450F1F-DF55-4653-805F-73F406CFB71B}.Debug|Any CPU.ActiveCfg = Debug|Any CPU
		{6E450F1F-DF55-4653-805F-73F406CFB71B}.Debug|Any CPU.Build.0 = Debug|Any CPU
		{6E450F1F-DF55-4653-805F-73F406CFB71B}.Release|Any CPU.ActiveCfg = Release|Any CPU
		{6E450F1F-DF55-4653-805F-73F406CFB71B}.Release|Any CPU.Build.0 = Release|Any CPU
		{B9335254-15E3-47C2-B44C-5E9240851586}.Debug|Any CPU.ActiveCfg = Debug|Any CPU
		{B9335254-15E3-47C2-B44C-5E9240851586}.Debug|Any CPU.Build.0 = Debug|Any CPU
		{B9335254-15E3-47C2-B44C-5E9240851586}.Release|Any CPU.ActiveCfg = Release|Any CPU
		{B9335254-15E3-47C2-B44C-5E9240851586}.Release|Any CPU.Build.0 = Release|Any CPU
		{111E2B40-7F08-4018-BA13-56D04654CBCC}.Debug|Any CPU.ActiveCfg = Debug|Any CPU
		{111E2B40-7F08-4018-BA13-56D04654CBCC}.Debug|Any CPU.Build.0 = Debug|Any CPU
		{111E2B40-7F08-4018-BA13-56D04654CBCC}.Release|Any CPU.ActiveCfg = Release|Any CPU
		{111E2B40-7F08-4018-BA13-56D04654CBCC}.Release|Any CPU.Build.0 = Release|Any CPU
		{1F743FCD-82F3-427B-B3AF-A93F902B144B}.Debug|Any CPU.ActiveCfg = Debug|Any CPU
		{1F743FCD-82F3-427B-B3AF-A93F902B144B}.Debug|Any CPU.Build.0 = Debug|Any CPU
		{1F743FCD-82F3-427B-B3AF-A93F902B144B}.Release|Any CPU.ActiveCfg = Release|Any CPU
		{1F743FCD-82F3-427B-B3AF-A93F902B144B}.Release|Any CPU.Build.0 = Release|Any CPU
		{461B4C1D-28EE-4DBF-8C26-E58AD51A8F34}.Debug|Any CPU.ActiveCfg = Debug|Any CPU
		{461B4C1D-28EE-4DBF-8C26-E58AD51A8F34}.Debug|Any CPU.Build.0 = Debug|Any CPU
		{461B4C1D-28EE-4DBF-8C26-E58AD51A8F34}.Release|Any CPU.ActiveCfg = Release|Any CPU
		{461B4C1D-28EE-4DBF-8C26-E58AD51A8F34}.Release|Any CPU.Build.0 = Release|Any CPU
		{5A881EFF-6C56-493F-B6FE-835BA3D5437D}.Debug|Any CPU.ActiveCfg = Debug|Any CPU
		{5A881EFF-6C56-493F-B6FE-835BA3D5437D}.Debug|Any CPU.Build.0 = Debug|Any CPU
		{5A881EFF-6C56-493F-B6FE-835BA3D5437D}.Release|Any CPU.ActiveCfg = Release|Any CPU
		{5A881EFF-6C56-493F-B6FE-835BA3D5437D}.Release|Any CPU.Build.0 = Release|Any CPU
	EndGlobalSection
	GlobalSection(SolutionProperties) = preSolution
		HideSolutionNode = FALSE
	EndGlobalSection
	GlobalSection(ExtensibilityGlobals) = postSolution
		SolutionGuid = {3A34E9F2-C83B-4E47-9000-D7EE453F4A24}
	EndGlobalSection
EndGlobal
